// !$*UTF8*$!
{
	archiveVersion = 1;
	classes = {
	};
	objectVersion = 51;
	objects = {

/* Begin PBXBuildFile section */
		004FE4202357B6EE00B0ECDE /* AppDelegate.swift in Sources */ = {isa = PBXBuildFile; fileRef = 004FE41F2357B6EE00B0ECDE /* AppDelegate.swift */; };
		004FE4272357B6F000B0ECDE /* Assets.xcassets in Resources */ = {isa = PBXBuildFile; fileRef = 004FE4262357B6F000B0ECDE /* Assets.xcassets */; };
		004FE42A2357B6F000B0ECDE /* LaunchScreen.storyboard in Resources */ = {isa = PBXBuildFile; fileRef = 004FE4282357B6F000B0ECDE /* LaunchScreen.storyboard */; };
		004FE4352357B6F000B0ECDE /* TheMovieDbTests.swift in Sources */ = {isa = PBXBuildFile; fileRef = 004FE4342357B6F000B0ECDE /* TheMovieDbTests.swift */; };
		004FE4422357BA4E00B0ECDE /* MovieBase.swift in Sources */ = {isa = PBXBuildFile; fileRef = 004FE4412357BA4E00B0ECDE /* MovieBase.swift */; };
		004FE4442357BA5A00B0ECDE /* Movie.swift in Sources */ = {isa = PBXBuildFile; fileRef = 004FE4432357BA5A00B0ECDE /* Movie.swift */; };
		004FE4462357BA6A00B0ECDE /* Genre.swift in Sources */ = {isa = PBXBuildFile; fileRef = 004FE4452357BA6A00B0ECDE /* Genre.swift */; };
		004FE4482357BAD400B0ECDE /* NetworkManager.swift in Sources */ = {isa = PBXBuildFile; fileRef = 004FE4472357BAD400B0ECDE /* NetworkManager.swift */; };
		004FE44E2357BB3C00B0ECDE /* HomeView.xib in Resources */ = {isa = PBXBuildFile; fileRef = 004FE44D2357BB3C00B0ECDE /* HomeView.xib */; };
		004FE4502357BB8200B0ECDE /* HomeView.swift in Sources */ = {isa = PBXBuildFile; fileRef = 004FE44F2357BB8200B0ECDE /* HomeView.swift */; };
		004FE4572357BBD000B0ECDE /* HomePresenter.swift in Sources */ = {isa = PBXBuildFile; fileRef = 004FE4512357BBD000B0ECDE /* HomePresenter.swift */; };
		004FE4582357BBD000B0ECDE /* HomeWorker.swift in Sources */ = {isa = PBXBuildFile; fileRef = 004FE4522357BBD000B0ECDE /* HomeWorker.swift */; };
		004FE4592357BBD000B0ECDE /* HomeRouter.swift in Sources */ = {isa = PBXBuildFile; fileRef = 004FE4532357BBD000B0ECDE /* HomeRouter.swift */; };
		004FE45A2357BBD000B0ECDE /* HomeModels.swift in Sources */ = {isa = PBXBuildFile; fileRef = 004FE4542357BBD000B0ECDE /* HomeModels.swift */; };
		004FE45B2357BBD000B0ECDE /* HomeViewController.swift in Sources */ = {isa = PBXBuildFile; fileRef = 004FE4552357BBD000B0ECDE /* HomeViewController.swift */; };
		004FE45C2357BBD000B0ECDE /* HomeInteractor.swift in Sources */ = {isa = PBXBuildFile; fileRef = 004FE4562357BBD000B0ECDE /* HomeInteractor.swift */; };
		004FE4642357CEC600B0ECDE /* MoviesPresenter.swift in Sources */ = {isa = PBXBuildFile; fileRef = 004FE45E2357CEC500B0ECDE /* MoviesPresenter.swift */; };
		004FE4652357CEC600B0ECDE /* MoviesWorker.swift in Sources */ = {isa = PBXBuildFile; fileRef = 004FE45F2357CEC600B0ECDE /* MoviesWorker.swift */; };
		004FE4662357CEC600B0ECDE /* MoviesRouter.swift in Sources */ = {isa = PBXBuildFile; fileRef = 004FE4602357CEC600B0ECDE /* MoviesRouter.swift */; };
		004FE4672357CEC600B0ECDE /* MoviesModels.swift in Sources */ = {isa = PBXBuildFile; fileRef = 004FE4612357CEC600B0ECDE /* MoviesModels.swift */; };
		004FE4682357CEC600B0ECDE /* MoviesViewController.swift in Sources */ = {isa = PBXBuildFile; fileRef = 004FE4622357CEC600B0ECDE /* MoviesViewController.swift */; };
		004FE4692357CEC600B0ECDE /* MoviesInteractor.swift in Sources */ = {isa = PBXBuildFile; fileRef = 004FE4632357CEC600B0ECDE /* MoviesInteractor.swift */; };
		004FE46D2357CFB200B0ECDE /* MoviesView.swift in Sources */ = {isa = PBXBuildFile; fileRef = 004FE46C2357CFB200B0ECDE /* MoviesView.swift */; };
		004FE46F2357CFC300B0ECDE /* MoviesView.xib in Resources */ = {isa = PBXBuildFile; fileRef = 004FE46E2357CFC300B0ECDE /* MoviesView.xib */; };
		004FE4722357D13700B0ECDE /* MovieViewCell.swift in Sources */ = {isa = PBXBuildFile; fileRef = 004FE4702357D13700B0ECDE /* MovieViewCell.swift */; };
		004FE4732357D13700B0ECDE /* MovieViewCell.xib in Resources */ = {isa = PBXBuildFile; fileRef = 004FE4712357D13700B0ECDE /* MovieViewCell.xib */; };
		004FE47623581D9A00B0ECDE /* UIImageViewExtension.swift in Sources */ = {isa = PBXBuildFile; fileRef = 004FE47523581D9A00B0ECDE /* UIImageViewExtension.swift */; };
		00E2E9F92358CC0400560966 /* MovieDetailPresenter.swift in Sources */ = {isa = PBXBuildFile; fileRef = 00E2E9F32358CC0400560966 /* MovieDetailPresenter.swift */; };
		00E2E9FA2358CC0400560966 /* MovieDetailWorker.swift in Sources */ = {isa = PBXBuildFile; fileRef = 00E2E9F42358CC0400560966 /* MovieDetailWorker.swift */; };
		00E2E9FB2358CC0400560966 /* MovieDetailRouter.swift in Sources */ = {isa = PBXBuildFile; fileRef = 00E2E9F52358CC0400560966 /* MovieDetailRouter.swift */; };
		00E2E9FC2358CC0400560966 /* MovieDetailModels.swift in Sources */ = {isa = PBXBuildFile; fileRef = 00E2E9F62358CC0400560966 /* MovieDetailModels.swift */; };
		00E2E9FD2358CC0400560966 /* MovieDetailViewController.swift in Sources */ = {isa = PBXBuildFile; fileRef = 00E2E9F72358CC0400560966 /* MovieDetailViewController.swift */; };
		00E2E9FE2358CC0400560966 /* MovieDetailInteractor.swift in Sources */ = {isa = PBXBuildFile; fileRef = 00E2E9F82358CC0400560966 /* MovieDetailInteractor.swift */; };
		00E2EA062359157D00560966 /* MovieView.xib in Resources */ = {isa = PBXBuildFile; fileRef = 00E2EA052359157D00560966 /* MovieView.xib */; };
		00E2EA082359179500560966 /* MovieView.swift in Sources */ = {isa = PBXBuildFile; fileRef = 00E2EA072359179500560966 /* MovieView.swift */; };
		00E2EA0A235BFF9800560966 /* DateExtension.swift in Sources */ = {isa = PBXBuildFile; fileRef = 00E2EA09235BFF9800560966 /* DateExtension.swift */; };
		2FB6A36148AE342BFB2C87B3 /* Pods_TheMovieDbTests.framework in Frameworks */ = {isa = PBXBuildFile; fileRef = B72521DB51101DE025AC7AB7 /* Pods_TheMovieDbTests.framework */; };
		8A6292372FE1E6D88EB95194 /* Pods_TheMovieDb.framework in Frameworks */ = {isa = PBXBuildFile; fileRef = E39217EF987FD2B8CB5DF776 /* Pods_TheMovieDb.framework */; };
/* End PBXBuildFile section */

/* Begin PBXContainerItemProxy section */
		004FE4312357B6F000B0ECDE /* PBXContainerItemProxy */ = {
			isa = PBXContainerItemProxy;
			containerPortal = 004FE4142357B6EE00B0ECDE /* Project object */;
			proxyType = 1;
			remoteGlobalIDString = 004FE41B2357B6EE00B0ECDE;
			remoteInfo = TheMovieDb;
		};
/* End PBXContainerItemProxy section */

/* Begin PBXFileReference section */
		004FE41C2357B6EE00B0ECDE /* TheMovieDb.app */ = {isa = PBXFileReference; explicitFileType = wrapper.application; includeInIndex = 0; path = TheMovieDb.app; sourceTree = BUILT_PRODUCTS_DIR; };
		004FE41F2357B6EE00B0ECDE /* AppDelegate.swift */ = {isa = PBXFileReference; lastKnownFileType = sourcecode.swift; path = AppDelegate.swift; sourceTree = "<group>"; };
		004FE4262357B6F000B0ECDE /* Assets.xcassets */ = {isa = PBXFileReference; lastKnownFileType = folder.assetcatalog; path = Assets.xcassets; sourceTree = "<group>"; };
		004FE4292357B6F000B0ECDE /* Base */ = {isa = PBXFileReference; lastKnownFileType = file.storyboard; name = Base; path = Base.lproj/LaunchScreen.storyboard; sourceTree = "<group>"; };
		004FE42B2357B6F000B0ECDE /* Info.plist */ = {isa = PBXFileReference; lastKnownFileType = text.plist.xml; path = Info.plist; sourceTree = "<group>"; };
		004FE4302357B6F000B0ECDE /* TheMovieDbTests.xctest */ = {isa = PBXFileReference; explicitFileType = wrapper.cfbundle; includeInIndex = 0; path = TheMovieDbTests.xctest; sourceTree = BUILT_PRODUCTS_DIR; };
		004FE4342357B6F000B0ECDE /* TheMovieDbTests.swift */ = {isa = PBXFileReference; lastKnownFileType = sourcecode.swift; path = TheMovieDbTests.swift; sourceTree = "<group>"; };
		004FE4362357B6F000B0ECDE /* Info.plist */ = {isa = PBXFileReference; lastKnownFileType = text.plist.xml; path = Info.plist; sourceTree = "<group>"; };
		004FE4412357BA4E00B0ECDE /* MovieBase.swift */ = {isa = PBXFileReference; lastKnownFileType = sourcecode.swift; path = MovieBase.swift; sourceTree = "<group>"; };
		004FE4432357BA5A00B0ECDE /* Movie.swift */ = {isa = PBXFileReference; lastKnownFileType = sourcecode.swift; path = Movie.swift; sourceTree = "<group>"; };
		004FE4452357BA6A00B0ECDE /* Genre.swift */ = {isa = PBXFileReference; lastKnownFileType = sourcecode.swift; path = Genre.swift; sourceTree = "<group>"; };
		004FE4472357BAD400B0ECDE /* NetworkManager.swift */ = {isa = PBXFileReference; lastKnownFileType = sourcecode.swift; path = NetworkManager.swift; sourceTree = "<group>"; };
		004FE44D2357BB3C00B0ECDE /* HomeView.xib */ = {isa = PBXFileReference; lastKnownFileType = file.xib; path = HomeView.xib; sourceTree = "<group>"; };
		004FE44F2357BB8200B0ECDE /* HomeView.swift */ = {isa = PBXFileReference; lastKnownFileType = sourcecode.swift; path = HomeView.swift; sourceTree = "<group>"; };
		004FE4512357BBD000B0ECDE /* HomePresenter.swift */ = {isa = PBXFileReference; lastKnownFileType = sourcecode.swift; path = HomePresenter.swift; sourceTree = "<group>"; };
		004FE4522357BBD000B0ECDE /* HomeWorker.swift */ = {isa = PBXFileReference; lastKnownFileType = sourcecode.swift; path = HomeWorker.swift; sourceTree = "<group>"; };
		004FE4532357BBD000B0ECDE /* HomeRouter.swift */ = {isa = PBXFileReference; lastKnownFileType = sourcecode.swift; path = HomeRouter.swift; sourceTree = "<group>"; };
		004FE4542357BBD000B0ECDE /* HomeModels.swift */ = {isa = PBXFileReference; lastKnownFileType = sourcecode.swift; path = HomeModels.swift; sourceTree = "<group>"; };
		004FE4552357BBD000B0ECDE /* HomeViewController.swift */ = {isa = PBXFileReference; lastKnownFileType = sourcecode.swift; path = HomeViewController.swift; sourceTree = "<group>"; };
		004FE4562357BBD000B0ECDE /* HomeInteractor.swift */ = {isa = PBXFileReference; lastKnownFileType = sourcecode.swift; path = HomeInteractor.swift; sourceTree = "<group>"; };
		004FE45E2357CEC500B0ECDE /* MoviesPresenter.swift */ = {isa = PBXFileReference; lastKnownFileType = sourcecode.swift; path = MoviesPresenter.swift; sourceTree = "<group>"; };
		004FE45F2357CEC600B0ECDE /* MoviesWorker.swift */ = {isa = PBXFileReference; lastKnownFileType = sourcecode.swift; path = MoviesWorker.swift; sourceTree = "<group>"; };
		004FE4602357CEC600B0ECDE /* MoviesRouter.swift */ = {isa = PBXFileReference; lastKnownFileType = sourcecode.swift; path = MoviesRouter.swift; sourceTree = "<group>"; };
		004FE4612357CEC600B0ECDE /* MoviesModels.swift */ = {isa = PBXFileReference; lastKnownFileType = sourcecode.swift; path = MoviesModels.swift; sourceTree = "<group>"; };
		004FE4622357CEC600B0ECDE /* MoviesViewController.swift */ = {isa = PBXFileReference; lastKnownFileType = sourcecode.swift; path = MoviesViewController.swift; sourceTree = "<group>"; };
		004FE4632357CEC600B0ECDE /* MoviesInteractor.swift */ = {isa = PBXFileReference; lastKnownFileType = sourcecode.swift; path = MoviesInteractor.swift; sourceTree = "<group>"; };
		004FE46C2357CFB200B0ECDE /* MoviesView.swift */ = {isa = PBXFileReference; lastKnownFileType = sourcecode.swift; path = MoviesView.swift; sourceTree = "<group>"; };
		004FE46E2357CFC300B0ECDE /* MoviesView.xib */ = {isa = PBXFileReference; lastKnownFileType = file.xib; path = MoviesView.xib; sourceTree = "<group>"; };
		004FE4702357D13700B0ECDE /* MovieViewCell.swift */ = {isa = PBXFileReference; lastKnownFileType = sourcecode.swift; path = MovieViewCell.swift; sourceTree = "<group>"; };
		004FE4712357D13700B0ECDE /* MovieViewCell.xib */ = {isa = PBXFileReference; lastKnownFileType = file.xib; path = MovieViewCell.xib; sourceTree = "<group>"; };
		004FE47523581D9A00B0ECDE /* UIImageViewExtension.swift */ = {isa = PBXFileReference; lastKnownFileType = sourcecode.swift; path = UIImageViewExtension.swift; sourceTree = "<group>"; };
		00E2E9F32358CC0400560966 /* MovieDetailPresenter.swift */ = {isa = PBXFileReference; lastKnownFileType = sourcecode.swift; path = MovieDetailPresenter.swift; sourceTree = "<group>"; };
		00E2E9F42358CC0400560966 /* MovieDetailWorker.swift */ = {isa = PBXFileReference; lastKnownFileType = sourcecode.swift; path = MovieDetailWorker.swift; sourceTree = "<group>"; };
		00E2E9F52358CC0400560966 /* MovieDetailRouter.swift */ = {isa = PBXFileReference; lastKnownFileType = sourcecode.swift; path = MovieDetailRouter.swift; sourceTree = "<group>"; };
		00E2E9F62358CC0400560966 /* MovieDetailModels.swift */ = {isa = PBXFileReference; lastKnownFileType = sourcecode.swift; path = MovieDetailModels.swift; sourceTree = "<group>"; };
		00E2E9F72358CC0400560966 /* MovieDetailViewController.swift */ = {isa = PBXFileReference; lastKnownFileType = sourcecode.swift; path = MovieDetailViewController.swift; sourceTree = "<group>"; };
		00E2E9F82358CC0400560966 /* MovieDetailInteractor.swift */ = {isa = PBXFileReference; lastKnownFileType = sourcecode.swift; path = MovieDetailInteractor.swift; sourceTree = "<group>"; };
		00E2EA052359157D00560966 /* MovieView.xib */ = {isa = PBXFileReference; lastKnownFileType = file.xib; path = MovieView.xib; sourceTree = "<group>"; };
		00E2EA072359179500560966 /* MovieView.swift */ = {isa = PBXFileReference; lastKnownFileType = sourcecode.swift; path = MovieView.swift; sourceTree = "<group>"; };
		00E2EA09235BFF9800560966 /* DateExtension.swift */ = {isa = PBXFileReference; lastKnownFileType = sourcecode.swift; path = DateExtension.swift; sourceTree = "<group>"; };
		332F5A3A5BAC1C251410B304 /* Pods-TheMovieDb.release.xcconfig */ = {isa = PBXFileReference; includeInIndex = 1; lastKnownFileType = text.xcconfig; name = "Pods-TheMovieDb.release.xcconfig"; path = "Target Support Files/Pods-TheMovieDb/Pods-TheMovieDb.release.xcconfig"; sourceTree = "<group>"; };
		4C4FB6C8491A7A8BE1AFF40C /* Pods-TheMovieDbTests.release.xcconfig */ = {isa = PBXFileReference; includeInIndex = 1; lastKnownFileType = text.xcconfig; name = "Pods-TheMovieDbTests.release.xcconfig"; path = "Target Support Files/Pods-TheMovieDbTests/Pods-TheMovieDbTests.release.xcconfig"; sourceTree = "<group>"; };
		4F15E06823EDE4A28ABE1A86 /* Pods-TheMovieDbTests.debug.xcconfig */ = {isa = PBXFileReference; includeInIndex = 1; lastKnownFileType = text.xcconfig; name = "Pods-TheMovieDbTests.debug.xcconfig"; path = "Target Support Files/Pods-TheMovieDbTests/Pods-TheMovieDbTests.debug.xcconfig"; sourceTree = "<group>"; };
		B72521DB51101DE025AC7AB7 /* Pods_TheMovieDbTests.framework */ = {isa = PBXFileReference; explicitFileType = wrapper.framework; includeInIndex = 0; path = Pods_TheMovieDbTests.framework; sourceTree = BUILT_PRODUCTS_DIR; };
		E39217EF987FD2B8CB5DF776 /* Pods_TheMovieDb.framework */ = {isa = PBXFileReference; explicitFileType = wrapper.framework; includeInIndex = 0; path = Pods_TheMovieDb.framework; sourceTree = BUILT_PRODUCTS_DIR; };
		EBDF4DCF5153F762EB2CE517 /* Pods-TheMovieDb.debug.xcconfig */ = {isa = PBXFileReference; includeInIndex = 1; lastKnownFileType = text.xcconfig; name = "Pods-TheMovieDb.debug.xcconfig"; path = "Target Support Files/Pods-TheMovieDb/Pods-TheMovieDb.debug.xcconfig"; sourceTree = "<group>"; };
/* End PBXFileReference section */

/* Begin PBXFrameworksBuildPhase section */
		004FE4192357B6EE00B0ECDE /* Frameworks */ = {
			isa = PBXFrameworksBuildPhase;
			buildActionMask = 2147483647;
			files = (
				8A6292372FE1E6D88EB95194 /* Pods_TheMovieDb.framework in Frameworks */,
			);
			runOnlyForDeploymentPostprocessing = 0;
		};
		004FE42D2357B6F000B0ECDE /* Frameworks */ = {
			isa = PBXFrameworksBuildPhase;
			buildActionMask = 2147483647;
			files = (
				2FB6A36148AE342BFB2C87B3 /* Pods_TheMovieDbTests.framework in Frameworks */,
			);
			runOnlyForDeploymentPostprocessing = 0;
		};
/* End PBXFrameworksBuildPhase section */

/* Begin PBXGroup section */
		004FE4132357B6EE00B0ECDE = {
			isa = PBXGroup;
			children = (
				004FE41E2357B6EE00B0ECDE /* TheMovieDb */,
				004FE4332357B6F000B0ECDE /* TheMovieDbTests */,
				004FE41D2357B6EE00B0ECDE /* Products */,
				B1AF6B4F02749EFF25494130 /* Pods */,
				6A534077CD90A97EE0947886 /* Frameworks */,
			);
			sourceTree = "<group>";
		};
		004FE41D2357B6EE00B0ECDE /* Products */ = {
			isa = PBXGroup;
			children = (
				004FE41C2357B6EE00B0ECDE /* TheMovieDb.app */,
				004FE4302357B6F000B0ECDE /* TheMovieDbTests.xctest */,
			);
			name = Products;
			sourceTree = "<group>";
		};
		004FE41E2357B6EE00B0ECDE /* TheMovieDb */ = {
			isa = PBXGroup;
			children = (
				004FE47423581CE600B0ECDE /* Extension */,
				004FE43F2357BA2700B0ECDE /* Network */,
				004FE4492357BB0300B0ECDE /* Scenes */,
				004FE41F2357B6EE00B0ECDE /* AppDelegate.swift */,
				004FE4262357B6F000B0ECDE /* Assets.xcassets */,
				004FE4282357B6F000B0ECDE /* LaunchScreen.storyboard */,
				004FE42B2357B6F000B0ECDE /* Info.plist */,
			);
			path = TheMovieDb;
			sourceTree = "<group>";
		};
		004FE4332357B6F000B0ECDE /* TheMovieDbTests */ = {
			isa = PBXGroup;
			children = (
				004FE4342357B6F000B0ECDE /* TheMovieDbTests.swift */,
				004FE4362357B6F000B0ECDE /* Info.plist */,
			);
			path = TheMovieDbTests;
			sourceTree = "<group>";
		};
		004FE43F2357BA2700B0ECDE /* Network */ = {
			isa = PBXGroup;
			children = (
				004FE4402357BA3500B0ECDE /* Model */,
				004FE4472357BAD400B0ECDE /* NetworkManager.swift */,
			);
			path = Network;
			sourceTree = "<group>";
		};
		004FE4402357BA3500B0ECDE /* Model */ = {
			isa = PBXGroup;
			children = (
				004FE4412357BA4E00B0ECDE /* MovieBase.swift */,
				004FE4432357BA5A00B0ECDE /* Movie.swift */,
				004FE4452357BA6A00B0ECDE /* Genre.swift */,
			);
			path = Model;
			sourceTree = "<group>";
		};
		004FE4492357BB0300B0ECDE /* Scenes */ = {
			isa = PBXGroup;
			children = (
				004FE44A2357BB0C00B0ECDE /* Home */,
				004FE45D2357CE9E00B0ECDE /* Movies */,
				00F8F7E72358B1D800D12027 /* MovieDetail */,
			);
			path = Scenes;
			sourceTree = "<group>";
		};
		004FE44A2357BB0C00B0ECDE /* Home */ = {
			isa = PBXGroup;
			children = (
				004FE44B2357BB1700B0ECDE /* Views */,
				004FE4512357BBD000B0ECDE /* HomePresenter.swift */,
				004FE4522357BBD000B0ECDE /* HomeWorker.swift */,
				004FE4532357BBD000B0ECDE /* HomeRouter.swift */,
				004FE4542357BBD000B0ECDE /* HomeModels.swift */,
				004FE4552357BBD000B0ECDE /* HomeViewController.swift */,
				004FE4562357BBD000B0ECDE /* HomeInteractor.swift */,
			);
			path = Home;
			sourceTree = "<group>";
		};
		004FE44B2357BB1700B0ECDE /* Views */ = {
			isa = PBXGroup;
			children = (
				004FE44C2357BB2100B0ECDE /* xibs */,
				004FE44F2357BB8200B0ECDE /* HomeView.swift */,
			);
			path = Views;
			sourceTree = "<group>";
		};
		004FE44C2357BB2100B0ECDE /* xibs */ = {
			isa = PBXGroup;
			children = (
				004FE44D2357BB3C00B0ECDE /* HomeView.xib */,
			);
			path = xibs;
			sourceTree = "<group>";
		};
		004FE45D2357CE9E00B0ECDE /* Movies */ = {
			isa = PBXGroup;
			children = (
				004FE46A2357CF8900B0ECDE /* View */,
				004FE45E2357CEC500B0ECDE /* MoviesPresenter.swift */,
				004FE45F2357CEC600B0ECDE /* MoviesWorker.swift */,
				004FE4602357CEC600B0ECDE /* MoviesRouter.swift */,
				004FE4612357CEC600B0ECDE /* MoviesModels.swift */,
				004FE4622357CEC600B0ECDE /* MoviesViewController.swift */,
				004FE4632357CEC600B0ECDE /* MoviesInteractor.swift */,
			);
			path = Movies;
			sourceTree = "<group>";
		};
		004FE46A2357CF8900B0ECDE /* View */ = {
			isa = PBXGroup;
			children = (
				004FE46B2357CF8E00B0ECDE /* xibs */,
				004FE4702357D13700B0ECDE /* MovieViewCell.swift */,
				004FE46C2357CFB200B0ECDE /* MoviesView.swift */,
			);
			path = View;
			sourceTree = "<group>";
		};
		004FE46B2357CF8E00B0ECDE /* xibs */ = {
			isa = PBXGroup;
			children = (
				004FE46E2357CFC300B0ECDE /* MoviesView.xib */,
				004FE4712357D13700B0ECDE /* MovieViewCell.xib */,
			);
			path = xibs;
			sourceTree = "<group>";
		};
		004FE47423581CE600B0ECDE /* Extension */ = {
			isa = PBXGroup;
			children = (
				004FE47523581D9A00B0ECDE /* UIImageViewExtension.swift */,
				00E2EA09235BFF9800560966 /* DateExtension.swift */,
			);
			path = Extension;
			sourceTree = "<group>";
		};
		00E2E9FF2358DA2500560966 /* Views */ = {
			isa = PBXGroup;
			children = (
				00E2EA002358DA3300560966 /* xibs */,
				00E2EA072359179500560966 /* MovieView.swift */,
			);
			path = Views;
			sourceTree = "<group>";
		};
		00E2EA002358DA3300560966 /* xibs */ = {
			isa = PBXGroup;
			children = (
				00E2EA052359157D00560966 /* MovieView.xib */,
			);
			path = xibs;
			sourceTree = "<group>";
		};
		00F8F7E72358B1D800D12027 /* MovieDetail */ = {
			isa = PBXGroup;
			children = (
				00E2E9FF2358DA2500560966 /* Views */,
				00E2E9F32358CC0400560966 /* MovieDetailPresenter.swift */,
				00E2E9F42358CC0400560966 /* MovieDetailWorker.swift */,
				00E2E9F52358CC0400560966 /* MovieDetailRouter.swift */,
				00E2E9F62358CC0400560966 /* MovieDetailModels.swift */,
				00E2E9F72358CC0400560966 /* MovieDetailViewController.swift */,
				00E2E9F82358CC0400560966 /* MovieDetailInteractor.swift */,
			);
			path = MovieDetail;
			sourceTree = "<group>";
		};
		6A534077CD90A97EE0947886 /* Frameworks */ = {
			isa = PBXGroup;
			children = (
				E39217EF987FD2B8CB5DF776 /* Pods_TheMovieDb.framework */,
				B72521DB51101DE025AC7AB7 /* Pods_TheMovieDbTests.framework */,
			);
			name = Frameworks;
			sourceTree = "<group>";
		};
		B1AF6B4F02749EFF25494130 /* Pods */ = {
			isa = PBXGroup;
			children = (
				EBDF4DCF5153F762EB2CE517 /* Pods-TheMovieDb.debug.xcconfig */,
				332F5A3A5BAC1C251410B304 /* Pods-TheMovieDb.release.xcconfig */,
				4F15E06823EDE4A28ABE1A86 /* Pods-TheMovieDbTests.debug.xcconfig */,
				4C4FB6C8491A7A8BE1AFF40C /* Pods-TheMovieDbTests.release.xcconfig */,
			);
			path = Pods;
			sourceTree = "<group>";
		};
/* End PBXGroup section */

/* Begin PBXNativeTarget section */
		004FE41B2357B6EE00B0ECDE /* TheMovieDb */ = {
			isa = PBXNativeTarget;
			buildConfigurationList = 004FE4392357B6F000B0ECDE /* Build configuration list for PBXNativeTarget "TheMovieDb" */;
			buildPhases = (
				B4DC7B752F0067B73FB6EE6B /* [CP] Check Pods Manifest.lock */,
				004FE4182357B6EE00B0ECDE /* Sources */,
				004FE4192357B6EE00B0ECDE /* Frameworks */,
				004FE41A2357B6EE00B0ECDE /* Resources */,
				6701BA3EF2924066A658F0D6 /* [CP] Embed Pods Frameworks */,
			);
			buildRules = (
			);
			dependencies = (
			);
			name = TheMovieDb;
			productName = TheMovieDb;
			productReference = 004FE41C2357B6EE00B0ECDE /* TheMovieDb.app */;
			productType = "com.apple.product-type.application";
		};
		004FE42F2357B6F000B0ECDE /* TheMovieDbTests */ = {
			isa = PBXNativeTarget;
			buildConfigurationList = 004FE43C2357B6F000B0ECDE /* Build configuration list for PBXNativeTarget "TheMovieDbTests" */;
			buildPhases = (
				0DC5BCD89E359CDAB979D84A /* [CP] Check Pods Manifest.lock */,
				004FE42C2357B6F000B0ECDE /* Sources */,
				004FE42D2357B6F000B0ECDE /* Frameworks */,
				004FE42E2357B6F000B0ECDE /* Resources */,
			);
			buildRules = (
			);
			dependencies = (
				004FE4322357B6F000B0ECDE /* PBXTargetDependency */,
			);
			name = TheMovieDbTests;
			productName = TheMovieDbTests;
			productReference = 004FE4302357B6F000B0ECDE /* TheMovieDbTests.xctest */;
			productType = "com.apple.product-type.bundle.unit-test";
		};
/* End PBXNativeTarget section */

/* Begin PBXProject section */
		004FE4142357B6EE00B0ECDE /* Project object */ = {
			isa = PBXProject;
			attributes = {
				LastSwiftUpdateCheck = 1010;
				LastUpgradeCheck = 1010;
				ORGANIZATIONNAME = "Marcio Habigzang Brufatto";
				TargetAttributes = {
					004FE41B2357B6EE00B0ECDE = {
						CreatedOnToolsVersion = 10.1;
					};
					004FE42F2357B6F000B0ECDE = {
						CreatedOnToolsVersion = 10.1;
						TestTargetID = 004FE41B2357B6EE00B0ECDE;
					};
				};
			};
			buildConfigurationList = 004FE4172357B6EE00B0ECDE /* Build configuration list for PBXProject "TheMovieDb" */;
			compatibilityVersion = "Xcode 9.3";
			developmentRegion = en;
			hasScannedForEncodings = 0;
			knownRegions = (
				en,
				Base,
			);
			mainGroup = 004FE4132357B6EE00B0ECDE;
			productRefGroup = 004FE41D2357B6EE00B0ECDE /* Products */;
			projectDirPath = "";
			projectRoot = "";
			targets = (
				004FE41B2357B6EE00B0ECDE /* TheMovieDb */,
				004FE42F2357B6F000B0ECDE /* TheMovieDbTests */,
			);
		};
/* End PBXProject section */

/* Begin PBXResourcesBuildPhase section */
		004FE41A2357B6EE00B0ECDE /* Resources */ = {
			isa = PBXResourcesBuildPhase;
			buildActionMask = 2147483647;
			files = (
				004FE42A2357B6F000B0ECDE /* LaunchScreen.storyboard in Resources */,
				004FE46F2357CFC300B0ECDE /* MoviesView.xib in Resources */,
				004FE4272357B6F000B0ECDE /* Assets.xcassets in Resources */,
				00E2EA062359157D00560966 /* MovieView.xib in Resources */,
				004FE44E2357BB3C00B0ECDE /* HomeView.xib in Resources */,
				004FE4732357D13700B0ECDE /* MovieViewCell.xib in Resources */,
			);
			runOnlyForDeploymentPostprocessing = 0;
		};
		004FE42E2357B6F000B0ECDE /* Resources */ = {
			isa = PBXResourcesBuildPhase;
			buildActionMask = 2147483647;
			files = (
			);
			runOnlyForDeploymentPostprocessing = 0;
		};
/* End PBXResourcesBuildPhase section */

/* Begin PBXShellScriptBuildPhase section */
		0DC5BCD89E359CDAB979D84A /* [CP] Check Pods Manifest.lock */ = {
			isa = PBXShellScriptBuildPhase;
			buildActionMask = 2147483647;
			files = (
			);
			inputFileListPaths = (
			);
			inputPaths = (
				"${PODS_PODFILE_DIR_PATH}/Podfile.lock",
				"${PODS_ROOT}/Manifest.lock",
			);
			name = "[CP] Check Pods Manifest.lock";
			outputFileListPaths = (
			);
			outputPaths = (
				"$(DERIVED_FILE_DIR)/Pods-TheMovieDbTests-checkManifestLockResult.txt",
			);
			runOnlyForDeploymentPostprocessing = 0;
			shellPath = /bin/sh;
			shellScript = "diff \"${PODS_PODFILE_DIR_PATH}/Podfile.lock\" \"${PODS_ROOT}/Manifest.lock\" > /dev/null\nif [ $? != 0 ] ; then\n    # print error to STDERR\n    echo \"error: The sandbox is not in sync with the Podfile.lock. Run 'pod install' or update your CocoaPods installation.\" >&2\n    exit 1\nfi\n# This output is used by Xcode 'outputs' to avoid re-running this script phase.\necho \"SUCCESS\" > \"${SCRIPT_OUTPUT_FILE_0}\"\n";
			showEnvVarsInLog = 0;
		};
		6701BA3EF2924066A658F0D6 /* [CP] Embed Pods Frameworks */ = {
			isa = PBXShellScriptBuildPhase;
			buildActionMask = 2147483647;
			files = (
			);
			inputFileListPaths = (
				"${PODS_ROOT}/Target Support Files/Pods-TheMovieDb/Pods-TheMovieDb-frameworks-${CONFIGURATION}-input-files.xcfilelist",
			);
			name = "[CP] Embed Pods Frameworks";
			outputFileListPaths = (
				"${PODS_ROOT}/Target Support Files/Pods-TheMovieDb/Pods-TheMovieDb-frameworks-${CONFIGURATION}-output-files.xcfilelist",
			);
			runOnlyForDeploymentPostprocessing = 0;
			shellPath = /bin/sh;
			shellScript = "\"${PODS_ROOT}/Target Support Files/Pods-TheMovieDb/Pods-TheMovieDb-frameworks.sh\"\n";
			showEnvVarsInLog = 0;
		};
		B4DC7B752F0067B73FB6EE6B /* [CP] Check Pods Manifest.lock */ = {
			isa = PBXShellScriptBuildPhase;
			buildActionMask = 2147483647;
			files = (
			);
			inputFileListPaths = (
			);
			inputPaths = (
				"${PODS_PODFILE_DIR_PATH}/Podfile.lock",
				"${PODS_ROOT}/Manifest.lock",
			);
			name = "[CP] Check Pods Manifest.lock";
			outputFileListPaths = (
			);
			outputPaths = (
				"$(DERIVED_FILE_DIR)/Pods-TheMovieDb-checkManifestLockResult.txt",
			);
			runOnlyForDeploymentPostprocessing = 0;
			shellPath = /bin/sh;
			shellScript = "diff \"${PODS_PODFILE_DIR_PATH}/Podfile.lock\" \"${PODS_ROOT}/Manifest.lock\" > /dev/null\nif [ $? != 0 ] ; then\n    # print error to STDERR\n    echo \"error: The sandbox is not in sync with the Podfile.lock. Run 'pod install' or update your CocoaPods installation.\" >&2\n    exit 1\nfi\n# This output is used by Xcode 'outputs' to avoid re-running this script phase.\necho \"SUCCESS\" > \"${SCRIPT_OUTPUT_FILE_0}\"\n";
			showEnvVarsInLog = 0;
		};
/* End PBXShellScriptBuildPhase section */

/* Begin PBXSourcesBuildPhase section */
		004FE4182357B6EE00B0ECDE /* Sources */ = {
			isa = PBXSourcesBuildPhase;
			buildActionMask = 2147483647;
			files = (
				004FE4572357BBD000B0ECDE /* HomePresenter.swift in Sources */,
				004FE4692357CEC600B0ECDE /* MoviesInteractor.swift in Sources */,
				004FE4202357B6EE00B0ECDE /* AppDelegate.swift in Sources */,
				004FE4422357BA4E00B0ECDE /* MovieBase.swift in Sources */,
				00E2E9FD2358CC0400560966 /* MovieDetailViewController.swift in Sources */,
				00E2E9FE2358CC0400560966 /* MovieDetailInteractor.swift in Sources */,
				004FE45C2357BBD000B0ECDE /* HomeInteractor.swift in Sources */,
				004FE46D2357CFB200B0ECDE /* MoviesView.swift in Sources */,
				00E2E9FB2358CC0400560966 /* MovieDetailRouter.swift in Sources */,
				00E2EA082359179500560966 /* MovieView.swift in Sources */,
				004FE4672357CEC600B0ECDE /* MoviesModels.swift in Sources */,
				004FE4482357BAD400B0ECDE /* NetworkManager.swift in Sources */,
				004FE47623581D9A00B0ECDE /* UIImageViewExtension.swift in Sources */,
				004FE4502357BB8200B0ECDE /* HomeView.swift in Sources */,
				004FE4662357CEC600B0ECDE /* MoviesRouter.swift in Sources */,
				00E2EA0A235BFF9800560966 /* DateExtension.swift in Sources */,
				004FE4442357BA5A00B0ECDE /* Movie.swift in Sources */,
				004FE45A2357BBD000B0ECDE /* HomeModels.swift in Sources */,
				004FE4642357CEC600B0ECDE /* MoviesPresenter.swift in Sources */,
				004FE45B2357BBD000B0ECDE /* HomeViewController.swift in Sources */,
				00E2E9FC2358CC0400560966 /* MovieDetailModels.swift in Sources */,
				004FE4652357CEC600B0ECDE /* MoviesWorker.swift in Sources */,
				004FE4582357BBD000B0ECDE /* HomeWorker.swift in Sources */,
				004FE4592357BBD000B0ECDE /* HomeRouter.swift in Sources */,
				00E2E9F92358CC0400560966 /* MovieDetailPresenter.swift in Sources */,
				004FE4722357D13700B0ECDE /* MovieViewCell.swift in Sources */,
				00E2E9FA2358CC0400560966 /* MovieDetailWorker.swift in Sources */,
				004FE4462357BA6A00B0ECDE /* Genre.swift in Sources */,
				004FE4682357CEC600B0ECDE /* MoviesViewController.swift in Sources */,
			);
			runOnlyForDeploymentPostprocessing = 0;
		};
		004FE42C2357B6F000B0ECDE /* Sources */ = {
			isa = PBXSourcesBuildPhase;
			buildActionMask = 2147483647;
			files = (
				004FE4352357B6F000B0ECDE /* TheMovieDbTests.swift in Sources */,
			);
			runOnlyForDeploymentPostprocessing = 0;
		};
/* End PBXSourcesBuildPhase section */

/* Begin PBXTargetDependency section */
		004FE4322357B6F000B0ECDE /* PBXTargetDependency */ = {
			isa = PBXTargetDependency;
			target = 004FE41B2357B6EE00B0ECDE /* TheMovieDb */;
			targetProxy = 004FE4312357B6F000B0ECDE /* PBXContainerItemProxy */;
		};
/* End PBXTargetDependency section */

/* Begin PBXVariantGroup section */
		004FE4282357B6F000B0ECDE /* LaunchScreen.storyboard */ = {
			isa = PBXVariantGroup;
			children = (
				004FE4292357B6F000B0ECDE /* Base */,
			);
			name = LaunchScreen.storyboard;
			sourceTree = "<group>";
		};
/* End PBXVariantGroup section */

/* Begin XCBuildConfiguration section */
		004FE4372357B6F000B0ECDE /* Debug */ = {
			isa = XCBuildConfiguration;
			buildSettings = {
				ALWAYS_SEARCH_USER_PATHS = NO;
				CLANG_ANALYZER_NONNULL = YES;
				CLANG_ANALYZER_NUMBER_OBJECT_CONVERSION = YES_AGGRESSIVE;
				CLANG_CXX_LANGUAGE_STANDARD = "gnu++14";
				CLANG_CXX_LIBRARY = "libc++";
				CLANG_ENABLE_MODULES = YES;
				CLANG_ENABLE_OBJC_ARC = YES;
				CLANG_ENABLE_OBJC_WEAK = YES;
				CLANG_WARN_BLOCK_CAPTURE_AUTORELEASING = YES;
				CLANG_WARN_BOOL_CONVERSION = YES;
				CLANG_WARN_COMMA = YES;
				CLANG_WARN_CONSTANT_CONVERSION = YES;
				CLANG_WARN_DEPRECATED_OBJC_IMPLEMENTATIONS = YES;
				CLANG_WARN_DIRECT_OBJC_ISA_USAGE = YES_ERROR;
				CLANG_WARN_DOCUMENTATION_COMMENTS = YES;
				CLANG_WARN_EMPTY_BODY = YES;
				CLANG_WARN_ENUM_CONVERSION = YES;
				CLANG_WARN_INFINITE_RECURSION = YES;
				CLANG_WARN_INT_CONVERSION = YES;
				CLANG_WARN_NON_LITERAL_NULL_CONVERSION = YES;
				CLANG_WARN_OBJC_IMPLICIT_RETAIN_SELF = YES;
				CLANG_WARN_OBJC_LITERAL_CONVERSION = YES;
				CLANG_WARN_OBJC_ROOT_CLASS = YES_ERROR;
				CLANG_WARN_RANGE_LOOP_ANALYSIS = YES;
				CLANG_WARN_STRICT_PROTOTYPES = YES;
				CLANG_WARN_SUSPICIOUS_MOVE = YES;
				CLANG_WARN_UNGUARDED_AVAILABILITY = YES_AGGRESSIVE;
				CLANG_WARN_UNREACHABLE_CODE = YES;
				CLANG_WARN__DUPLICATE_METHOD_MATCH = YES;
				CODE_SIGN_IDENTITY = "iPhone Developer";
				COPY_PHASE_STRIP = NO;
				DEBUG_INFORMATION_FORMAT = dwarf;
				ENABLE_STRICT_OBJC_MSGSEND = YES;
				ENABLE_TESTABILITY = YES;
				GCC_C_LANGUAGE_STANDARD = gnu11;
				GCC_DYNAMIC_NO_PIC = NO;
				GCC_NO_COMMON_BLOCKS = YES;
				GCC_OPTIMIZATION_LEVEL = 0;
				GCC_PREPROCESSOR_DEFINITIONS = (
					"DEBUG=1",
					"$(inherited)",
				);
				GCC_WARN_64_TO_32_BIT_CONVERSION = YES;
				GCC_WARN_ABOUT_RETURN_TYPE = YES_ERROR;
				GCC_WARN_UNDECLARED_SELECTOR = YES;
				GCC_WARN_UNINITIALIZED_AUTOS = YES_AGGRESSIVE;
				GCC_WARN_UNUSED_FUNCTION = YES;
				GCC_WARN_UNUSED_VARIABLE = YES;
				IPHONEOS_DEPLOYMENT_TARGET = 12.1;
				MTL_ENABLE_DEBUG_INFO = INCLUDE_SOURCE;
				MTL_FAST_MATH = YES;
				ONLY_ACTIVE_ARCH = YES;
				SDKROOT = iphoneos;
				SWIFT_ACTIVE_COMPILATION_CONDITIONS = DEBUG;
				SWIFT_OPTIMIZATION_LEVEL = "-Onone";
			};
			name = Debug;
		};
		004FE4382357B6F000B0ECDE /* Release */ = {
			isa = XCBuildConfiguration;
			buildSettings = {
				ALWAYS_SEARCH_USER_PATHS = NO;
				CLANG_ANALYZER_NONNULL = YES;
				CLANG_ANALYZER_NUMBER_OBJECT_CONVERSION = YES_AGGRESSIVE;
				CLANG_CXX_LANGUAGE_STANDARD = "gnu++14";
				CLANG_CXX_LIBRARY = "libc++";
				CLANG_ENABLE_MODULES = YES;
				CLANG_ENABLE_OBJC_ARC = YES;
				CLANG_ENABLE_OBJC_WEAK = YES;
				CLANG_WARN_BLOCK_CAPTURE_AUTORELEASING = YES;
				CLANG_WARN_BOOL_CONVERSION = YES;
				CLANG_WARN_COMMA = YES;
				CLANG_WARN_CONSTANT_CONVERSION = YES;
				CLANG_WARN_DEPRECATED_OBJC_IMPLEMENTATIONS = YES;
				CLANG_WARN_DIRECT_OBJC_ISA_USAGE = YES_ERROR;
				CLANG_WARN_DOCUMENTATION_COMMENTS = YES;
				CLANG_WARN_EMPTY_BODY = YES;
				CLANG_WARN_ENUM_CONVERSION = YES;
				CLANG_WARN_INFINITE_RECURSION = YES;
				CLANG_WARN_INT_CONVERSION = YES;
				CLANG_WARN_NON_LITERAL_NULL_CONVERSION = YES;
				CLANG_WARN_OBJC_IMPLICIT_RETAIN_SELF = YES;
				CLANG_WARN_OBJC_LITERAL_CONVERSION = YES;
				CLANG_WARN_OBJC_ROOT_CLASS = YES_ERROR;
				CLANG_WARN_RANGE_LOOP_ANALYSIS = YES;
				CLANG_WARN_STRICT_PROTOTYPES = YES;
				CLANG_WARN_SUSPICIOUS_MOVE = YES;
				CLANG_WARN_UNGUARDED_AVAILABILITY = YES_AGGRESSIVE;
				CLANG_WARN_UNREACHABLE_CODE = YES;
				CLANG_WARN__DUPLICATE_METHOD_MATCH = YES;
				CODE_SIGN_IDENTITY = "iPhone Developer";
				COPY_PHASE_STRIP = NO;
				DEBUG_INFORMATION_FORMAT = "dwarf-with-dsym";
				ENABLE_NS_ASSERTIONS = NO;
				ENABLE_STRICT_OBJC_MSGSEND = YES;
				GCC_C_LANGUAGE_STANDARD = gnu11;
				GCC_NO_COMMON_BLOCKS = YES;
				GCC_WARN_64_TO_32_BIT_CONVERSION = YES;
				GCC_WARN_ABOUT_RETURN_TYPE = YES_ERROR;
				GCC_WARN_UNDECLARED_SELECTOR = YES;
				GCC_WARN_UNINITIALIZED_AUTOS = YES_AGGRESSIVE;
				GCC_WARN_UNUSED_FUNCTION = YES;
				GCC_WARN_UNUSED_VARIABLE = YES;
				IPHONEOS_DEPLOYMENT_TARGET = 12.1;
				MTL_ENABLE_DEBUG_INFO = NO;
				MTL_FAST_MATH = YES;
				SDKROOT = iphoneos;
				SWIFT_COMPILATION_MODE = wholemodule;
				SWIFT_OPTIMIZATION_LEVEL = "-O";
				VALIDATE_PRODUCT = YES;
			};
			name = Release;
		};
		004FE43A2357B6F000B0ECDE /* Debug */ = {
			isa = XCBuildConfiguration;
			baseConfigurationReference = EBDF4DCF5153F762EB2CE517 /* Pods-TheMovieDb.debug.xcconfig */;
			buildSettings = {
				ASSETCATALOG_COMPILER_APPICON_NAME = AppIcon;
				CODE_SIGN_IDENTITY = "iPhone Developer";
				CODE_SIGN_STYLE = Automatic;
				DEVELOPMENT_TEAM = F6NR5MWZFA;
				INFOPLIST_FILE = TheMovieDb/Info.plist;
				LD_RUNPATH_SEARCH_PATHS = (
					"$(inherited)",
					"@executable_path/Frameworks",
				);
				PRODUCT_BUNDLE_IDENTIFIER = br.themoviedb.com.TheMovieDb;
				PRODUCT_NAME = "$(TARGET_NAME)";
				PROVISIONING_PROFILE_SPECIFIER = "";
				SWIFT_VERSION = 4.2;
				TARGETED_DEVICE_FAMILY = "1,2";
			};
			name = Debug;
		};
		004FE43B2357B6F000B0ECDE /* Release */ = {
			isa = XCBuildConfiguration;
			baseConfigurationReference = 332F5A3A5BAC1C251410B304 /* Pods-TheMovieDb.release.xcconfig */;
			buildSettings = {
				ASSETCATALOG_COMPILER_APPICON_NAME = AppIcon;
				CODE_SIGN_IDENTITY = "iPhone Developer";
				CODE_SIGN_STYLE = Automatic;
				DEVELOPMENT_TEAM = F6NR5MWZFA;
				INFOPLIST_FILE = TheMovieDb/Info.plist;
				LD_RUNPATH_SEARCH_PATHS = (
					"$(inherited)",
					"@executable_path/Frameworks",
				);
				PRODUCT_BUNDLE_IDENTIFIER = br.themoviedb.com.TheMovieDb;
				PRODUCT_NAME = "$(TARGET_NAME)";
				PROVISIONING_PROFILE_SPECIFIER = "";
				SWIFT_VERSION = 4.2;
				TARGETED_DEVICE_FAMILY = "1,2";
			};
			name = Release;
		};
		004FE43D2357B6F000B0ECDE /* Debug */ = {
			isa = XCBuildConfiguration;
			baseConfigurationReference = 4F15E06823EDE4A28ABE1A86 /* Pods-TheMovieDbTests.debug.xcconfig */;
			buildSettings = {
				ALWAYS_EMBED_SWIFT_STANDARD_LIBRARIES = YES;
				BUNDLE_LOADER = "$(TEST_HOST)";
				CODE_SIGN_STYLE = Automatic;
				DEVELOPMENT_TEAM = F6NR5MWZFA;
				INFOPLIST_FILE = TheMovieDbTests/Info.plist;
				LD_RUNPATH_SEARCH_PATHS = (
					"$(inherited)",
					"@executable_path/Frameworks",
					"@loader_path/Frameworks",
				);
				PRODUCT_BUNDLE_IDENTIFIER = br.themoviedb.com.TheMovieDbTests;
				PRODUCT_NAME = "$(TARGET_NAME)";
				SWIFT_VERSION = 4.2;
				TARGETED_DEVICE_FAMILY = "1,2";
				TEST_HOST = "$(BUILT_PRODUCTS_DIR)/TheMovieDb.app/TheMovieDb";
			};
			name = Debug;
		};
		004FE43E2357B6F000B0ECDE /* Release */ = {
			isa = XCBuildConfiguration;
			baseConfigurationReference = 4C4FB6C8491A7A8BE1AFF40C /* Pods-TheMovieDbTests.release.xcconfig */;
			buildSettings = {
				ALWAYS_EMBED_SWIFT_STANDARD_LIBRARIES = YES;
				BUNDLE_LOADER = "$(TEST_HOST)";
				CODE_SIGN_STYLE = Automatic;
				DEVELOPMENT_TEAM = F6NR5MWZFA;
				INFOPLIST_FILE = TheMovieDbTests/Info.plist;
				LD_RUNPATH_SEARCH_PATHS = (
					"$(inherited)",
					"@executable_path/Frameworks",
					"@loader_path/Frameworks",
				);
				PRODUCT_BUNDLE_IDENTIFIER = br.themoviedb.com.TheMovieDbTests;
				PRODUCT_NAME = "$(TARGET_NAME)";
				SWIFT_VERSION = 4.2;
				TARGETED_DEVICE_FAMILY = "1,2";
				TEST_HOST = "$(BUILT_PRODUCTS_DIR)/TheMovieDb.app/TheMovieDb";
			};
			name = Release;
		};
/* End XCBuildConfiguration section */

/* Begin XCConfigurationList section */
		004FE4172357B6EE00B0ECDE /* Build configuration list for PBXProject "TheMovieDb" */ = {
			isa = XCConfigurationList;
			buildConfigurations = (
				004FE4372357B6F000B0ECDE /* Debug */,
				004FE4382357B6F000B0ECDE /* Release */,
			);
			defaultConfigurationIsVisible = 0;
			defaultConfigurationName = Release;
		};
		004FE4392357B6F000B0ECDE /* Build configuration list for PBXNativeTarget "TheMovieDb" */ = {
			isa = XCConfigurationList;
			buildConfigurations = (
				004FE43A2357B6F000B0ECDE /* Debug */,
				004FE43B2357B6F000B0ECDE /* Release */,
			);
			defaultConfigurationIsVisible = 0;
			defaultConfigurationName = Release;
		};
		004FE43C2357B6F000B0ECDE /* Build configuration list for PBXNativeTarget "TheMovieDbTests" */ = {
			isa = XCConfigurationList;
			buildConfigurations = (
				004FE43D2357B6F000B0ECDE /* Debug */,
				004FE43E2357B6F000B0ECDE /* Release */,
			);
			defaultConfigurationIsVisible = 0;
			defaultConfigurationName = Release;
		};
/* End XCConfigurationList section */
	};
	rootObject = 004FE4142357B6EE00B0ECDE /* Project object */;
}
